
Microsoft Visual Studio Solution File, Format Version 12.00
# Visual Studio Version 17
VisualStudioVersion = 17.8.34511.84
MinimumVisualStudioVersion = 10.0.40219.1
Project("{FAE04EC0-301F-11D3-BF4B-00C04F79EFBC}") = "Walutoszpieg", "Walutoszpieg.csproj", "{28B09243-5EB5-42F8-9128-6BEA4F1BF82E}"
EndProject
Global
	GlobalSection(SolutionConfigurationPlatforms) = preSolution
		Debug|Any CPU = Debug|Any CPU
		Release|Any CPU = Release|Any CPU
	EndGlobalSection
	GlobalSection(ProjectConfigurationPlatforms) = postSolution
		{28B09243-5EB5-42F8-9128-6BEA4F1BF82E}.Debug|Any CPU.ActiveCfg = Debug|Any CPU
		{28B09243-5EB5-42F8-9128-6BEA4F1BF82E}.Debug|Any CPU.Build.0 = Debug|Any CPU
		{28B09243-5EB5-42F8-9128-6BEA4F1BF82E}.Release|Any CPU.ActiveCfg = Release|Any CPU
		{28B09243-5EB5-42F8-9128-6BEA4F1BF82E}.Release|Any CPU.Build.0 = Release|Any CPU
	EndGlobalSection
	GlobalSection(SolutionProperties) = preSolution
		HideSolutionNode = FALSE
	EndGlobalSection
	GlobalSection(ExtensibilityGlobals) = postSolution
		SolutionGuid = {B213B12B-747A-460A-AB1D-C84A5B774A12}
	EndGlobalSection
EndGlobal
